{
  "requires": true,
  "lockfileVersion": 1,
  "dependencies": {
    "lambda-calculus": {
      "version": "1.0.6",
      "resolved": "https://registry.npmjs.org/lambda-calculus/-/lambda-calculus-1.0.6.tgz",
      "integrity": "sha512-lRvvFJofsK3SL3VPsk7EKfc80rWf4MzwW+vW5JDc0ZnEmr64TxGWfh2m4bP7o06p11mA1xoUegGy6vn3I8jtwg=="
    }
  }
}
